
Microsoft Visual Studio Solution File, Format Version 12.00
# Visual Studio Version 17
VisualStudioVersion = 17.6.33829.357
MinimumVisualStudioVersion = 10.0.40219.1
Project("{FAE04EC0-301F-11D3-BF4B-00C04F79EFBC}") = "8.1.10", "8.1.10\8.1.10.csproj", "{99285A81-9022-4343-BF40-D8656C44D224}"
EndProject
Global
	GlobalSection(SolutionConfigurationPlatforms) = preSolution
		Debug|Any CPU = Debug|Any CPU
		Release|Any CPU = Release|Any CPU
	EndGlobalSection
	GlobalSection(ProjectConfigurationPlatforms) = postSolution
		{99285A81-9022-4343-BF40-D8656C44D224}.Debug|Any CPU.ActiveCfg = Debug|Any CPU
		{99285A81-9022-4343-BF40-D8656C44D224}.Debug|Any CPU.Build.0 = Debug|Any CPU
		{99285A81-9022-4343-BF40-D8656C44D224}.Release|Any CPU.ActiveCfg = Release|Any CPU
		{99285A81-9022-4343-BF40-D8656C44D224}.Release|Any CPU.Build.0 = Release|Any CPU
	EndGlobalSection
	GlobalSection(SolutionProperties) = preSolution
		HideSolutionNode = FALSE
	EndGlobalSection
	GlobalSection(ExtensibilityGlobals) = postSolution
		SolutionGuid = {6E7400C3-11CA-4A3B-AA10-FEACCEED4262}
	EndGlobalSection
EndGlobal
